
Microsoft Visual Studio Solution File, Format Version 12.00
# Visual Studio 15
VisualStudioVersion = 15.0.27004.2009
MinimumVisualStudioVersion = 10.0.40219.1
Project("{FAE04EC0-301F-11D3-BF4B-00C04F79EFBC}") = "Kasuka", "Kasuka.csproj", "{550ADB84-50BC-4E42-8A08-74AFC7E9D07A}"
EndProject
Global
	GlobalSection(SolutionConfigurationPlatforms) = preSolution
		Debug|Any CPU = Debug|Any CPU
		Release|Any CPU = Release|Any CPU
	EndGlobalSection
	GlobalSection(ProjectConfigurationPlatforms) = postSolution
		{550ADB84-50BC-4E42-8A08-74AFC7E9D07A}.Debug|Any CPU.ActiveCfg = Debug|Any CPU
		{550ADB84-50BC-4E42-8A08-74AFC7E9D07A}.Debug|Any CPU.Build.0 = Debug|Any CPU
		{550ADB84-50BC-4E42-8A08-74AFC7E9D07A}.Release|Any CPU.ActiveCfg = Release|Any CPU
		{550ADB84-50BC-4E42-8A08-74AFC7E9D07A}.Release|Any CPU.Build.0 = Release|Any CPU
	EndGlobalSection
	GlobalSection(SolutionProperties) = preSolution
		HideSolutionNode = FALSE
	EndGlobalSection
	GlobalSection(ExtensibilityGlobals) = postSolution
		SolutionGuid = {24FC4B49-9B45-4F01-96DD-F8E0B765B9E6}
	EndGlobalSection
EndGlobal
